
Microsoft Visual Studio Solution File, Format Version 12.00
# Visual Studio Version 17
VisualStudioVersion = 17.7.34031.279
MinimumVisualStudioVersion = 10.0.40219.1
Project("{FAE04EC0-301F-11D3-BF4B-00C04F79EFBC}") = "MauiApp3", "MauiApp3\MauiApp3.csproj", "{B88230B2-40E8-43EC-B58F-202CAA7D3B81}"
EndProject
Global
	GlobalSection(SolutionConfigurationPlatforms) = preSolution
		Debug|Any CPU = Debug|Any CPU
		Release|Any CPU = Release|Any CPU
	EndGlobalSection
	GlobalSection(ProjectConfigurationPlatforms) = postSolution
		{B88230B2-40E8-43EC-B58F-202CAA7D3B81}.Debug|Any CPU.ActiveCfg = Debug|Any CPU
		{B88230B2-40E8-43EC-B58F-202CAA7D3B81}.Debug|Any CPU.Build.0 = Debug|Any CPU
		{B88230B2-40E8-43EC-B58F-202CAA7D3B81}.Debug|Any CPU.Deploy.0 = Debug|Any CPU
		{B88230B2-40E8-43EC-B58F-202CAA7D3B81}.Release|Any CPU.ActiveCfg = Release|Any CPU
		{B88230B2-40E8-43EC-B58F-202CAA7D3B81}.Release|Any CPU.Build.0 = Release|Any CPU
		{B88230B2-40E8-43EC-B58F-202CAA7D3B81}.Release|Any CPU.Deploy.0 = Release|Any CPU
	EndGlobalSection
	GlobalSection(SolutionProperties) = preSolution
		HideSolutionNode = FALSE
	EndGlobalSection
	GlobalSection(ExtensibilityGlobals) = postSolution
		SolutionGuid = {B6ABD579-C104-4827-84E4-4378C84EA105}
	EndGlobalSection
EndGlobal
